
Microsoft Visual Studio Solution File, Format Version 12.00
# Visual Studio Version 17
VisualStudioVersion = 17.0.31912.275
MinimumVisualStudioVersion = 10.0.40219.1
Project("{FAE04EC0-301F-11D3-BF4B-00C04F79EFBC}") = "FurnitureStore", "FurnitureStore.csproj", "{4AA7C4F6-1E58-43D5-B367-4C8B2F3F43F6}"
EndProject
Project("{FAE04EC0-301F-11D3-BF4B-00C04F79EFBC}") = "Utilities", "..\Utilities\Utilities.csproj", "{531B65F3-CA11-4840-912D-77FD465EE5EF}"
EndProject
Project("{FAE04EC0-301F-11D3-BF4B-00C04F79EFBC}") = "FurnitureStoreLibrary", "..\FurnitureStoreLibrary\FurnitureStoreLibrary.csproj", "{E436B7D2-2B25-41CD-8B43-8744AA90D212}"
EndProject
Project("{9A19103F-16F7-4668-BE54-9A1E7A4F7556}") = "FurnitureStoreWebAPI", "..\FurnitureStoreWebAPI\FurnitureStoreWebAPI.csproj", "{B3609950-D92A-4713-BA69-95F555F71627}"
EndProject
Project("{FAE04EC0-301F-11D3-BF4B-00C04F79EFBC}") = "SOAPWebServices", "..\SOAPWebServices\SOAPWebServices.csproj", "{3C128AC9-E4D5-4C6B-ABC9-30C68DFD5E9C}"
EndProject
Global
	GlobalSection(SolutionConfigurationPlatforms) = preSolution
		Debug|Any CPU = Debug|Any CPU
		Release|Any CPU = Release|Any CPU
	EndGlobalSection
	GlobalSection(ProjectConfigurationPlatforms) = postSolution
		{4AA7C4F6-1E58-43D5-B367-4C8B2F3F43F6}.Debug|Any CPU.ActiveCfg = Debug|Any CPU
		{4AA7C4F6-1E58-43D5-B367-4C8B2F3F43F6}.Debug|Any CPU.Build.0 = Debug|Any CPU
		{4AA7C4F6-1E58-43D5-B367-4C8B2F3F43F6}.Release|Any CPU.ActiveCfg = Release|Any CPU
		{4AA7C4F6-1E58-43D5-B367-4C8B2F3F43F6}.Release|Any CPU.Build.0 = Release|Any CPU
		{531B65F3-CA11-4840-912D-77FD465EE5EF}.Debug|Any CPU.ActiveCfg = Debug|Any CPU
		{531B65F3-CA11-4840-912D-77FD465EE5EF}.Debug|Any CPU.Build.0 = Debug|Any CPU
		{531B65F3-CA11-4840-912D-77FD465EE5EF}.Release|Any CPU.ActiveCfg = Release|Any CPU
		{531B65F3-CA11-4840-912D-77FD465EE5EF}.Release|Any CPU.Build.0 = Release|Any CPU
		{E436B7D2-2B25-41CD-8B43-8744AA90D212}.Debug|Any CPU.ActiveCfg = Debug|Any CPU
		{E436B7D2-2B25-41CD-8B43-8744AA90D212}.Debug|Any CPU.Build.0 = Debug|Any CPU
		{E436B7D2-2B25-41CD-8B43-8744AA90D212}.Release|Any CPU.ActiveCfg = Release|Any CPU
		{E436B7D2-2B25-41CD-8B43-8744AA90D212}.Release|Any CPU.Build.0 = Release|Any CPU
		{B3609950-D92A-4713-BA69-95F555F71627}.Debug|Any CPU.ActiveCfg = Debug|Any CPU
		{B3609950-D92A-4713-BA69-95F555F71627}.Debug|Any CPU.Build.0 = Debug|Any CPU
		{B3609950-D92A-4713-BA69-95F555F71627}.Release|Any CPU.ActiveCfg = Release|Any CPU
		{B3609950-D92A-4713-BA69-95F555F71627}.Release|Any CPU.Build.0 = Release|Any CPU
		{3C128AC9-E4D5-4C6B-ABC9-30C68DFD5E9C}.Debug|Any CPU.ActiveCfg = Debug|Any CPU
		{3C128AC9-E4D5-4C6B-ABC9-30C68DFD5E9C}.Debug|Any CPU.Build.0 = Debug|Any CPU
		{3C128AC9-E4D5-4C6B-ABC9-30C68DFD5E9C}.Release|Any CPU.ActiveCfg = Release|Any CPU
		{3C128AC9-E4D5-4C6B-ABC9-30C68DFD5E9C}.Release|Any CPU.Build.0 = Release|Any CPU
	EndGlobalSection
	GlobalSection(SolutionProperties) = preSolution
		HideSolutionNode = FALSE
	EndGlobalSection
	GlobalSection(ExtensibilityGlobals) = postSolution
		SolutionGuid = {4787D42E-190F-44CF-A07B-B7182D97A7E4}
	EndGlobalSection
EndGlobal
